
Microsoft Visual Studio Solution File, Format Version 12.00
# Visual Studio Version 16
VisualStudioVersion = 16.0.33927.289
MinimumVisualStudioVersion = 10.0.40219.1
Project("{2150E333-8FDC-42A3-9474-1A3956D46DE8}") = "Task0", "Task0", "{558E2E61-F14A-4256-86B9-E053CA08AACB}"
EndProject
Project("{FAE04EC0-301F-11D3-BF4B-00C04F79EFBC}") = "Tyuiu.PozhdinAA.Sprint1.Task0.V0", "Tyuiu.PozhdinAA.Sprint1.Task0.V0\Tyuiu.PozhdinAA.Sprint1.Task0.V0.csproj", "{A51B0738-0834-4355-A49E-2322B41455B3}"
EndProject
Project("{FAE04EC0-301F-11D3-BF4B-00C04F79EFBC}") = "Tyuiu.PozhdinAA.Sprint1.Task0.V0.Lib", "Tyuiu.PozhdinAA.Sprint1.Task0.V0.Lib\Tyuiu.PozhdinAA.Sprint1.Task0.V0.Lib.csproj", "{92CD77A7-A4EE-49A3-82C5-84D4E62B662D}"
EndProject
Project("{FAE04EC0-301F-11D3-BF4B-00C04F79EFBC}") = "Tyuiu.PozhdinAA.Sprint1.Task0.V0.Test", "Tyuiu.PozhdinAA.Sprint1.Task0.V0.Test\Tyuiu.PozhdinAA.Sprint1.Task0.V0.Test.csproj", "{5D9B8B56-B26C-4AA2-AC75-EE97EFB59A96}"
EndProject
Project("{2150E333-8FDC-42A3-9474-1A3956D46DE8}") = "Task1", "Task1", "{1C9FFB9D-4635-4F9B-A55E-9EA686377819}"
EndProject
Project("{FAE04EC0-301F-11D3-BF4B-00C04F79EFBC}") = "Tyuiu.PozhdinAA.Sprint1.Task1.V27", "Tyuiu.PozhdinAA.Sprint1.Task1.V27\Tyuiu.PozhdinAA.Sprint1.Task1.V27.csproj", "{B988BF22-4D4B-4B6F-9421-0C3F1C754896}"
EndProject
Project("{FAE04EC0-301F-11D3-BF4B-00C04F79EFBC}") = "Tyuiu.PozhdinAA.Sprint1.Task1.V27.Test", "Tyuiu.PozhdinAA.Sprint1.Task1.V27.Test\Tyuiu.PozhdinAA.Sprint1.Task1.V27.Test.csproj", "{AAE98311-4BF0-4FB9-B98C-8681936ADF29}"
EndProject
Project("{FAE04EC0-301F-11D3-BF4B-00C04F79EFBC}") = "Tyuiu.PozhdinAA.Sprint1.Task1.V27.Lib", "Tyuiu.PozhdinAA.Sprint1.Task1.V27.Lib\Tyuiu.PozhdinAA.Sprint1.Task1.V27.Lib.csproj", "{3D5410EE-A0B3-4270-977E-B0046491821F}"
EndProject
Project("{2150E333-8FDC-42A3-9474-1A3956D46DE8}") = "Task2", "Task2", "{33687E39-B846-4B9D-8F75-714A14E6F5A4}"
EndProject
Project("{FAE04EC0-301F-11D3-BF4B-00C04F79EFBC}") = "Tyuiu.PozhdinAA.Sprint1.Task2.V23", "Tyuiu.PozhdinAA.Sprint1.Task2.V23\Tyuiu.PozhdinAA.Sprint1.Task2.V23.csproj", "{B76CAF06-0EB2-4124-8E47-4DEF60C55CF9}"
EndProject
Project("{FAE04EC0-301F-11D3-BF4B-00C04F79EFBC}") = "Tyuiu.PozhdinAA.Sprint1.Task2.V23.Lib", "Tyuiu.PozhdinAA.Sprint1.Task2.V23.Lib\Tyuiu.PozhdinAA.Sprint1.Task2.V23.Lib.csproj", "{AAF0AD0D-84C1-48E8-932A-14199EDC9AF7}"
EndProject
Project("{FAE04EC0-301F-11D3-BF4B-00C04F79EFBC}") = "Tyuiu.PozhdinAA.Sprint1.Task2.V23.Test", "Tyuiu.PozhdinAA.Sprint1.Task2.V23.Test\Tyuiu.PozhdinAA.Sprint1.Task2.V23.Test.csproj", "{9D2BBD9C-1189-4B8F-916D-0C49B73B3F50}"
EndProject
Project("{2150E333-8FDC-42A3-9474-1A3956D46DE8}") = "Task3", "Task3", "{67058662-72BE-46D6-B8DB-A73B125F1BA4}"
EndProject
Project("{FAE04EC0-301F-11D3-BF4B-00C04F79EFBC}") = "Tyuiu.PozhdinAA.Sprint1.Task3.V12", "Tyuiu.PozhdinAA.Sprint1.Task3.V12\Tyuiu.PozhdinAA.Sprint1.Task3.V12.csproj", "{812CA143-84D1-4266-80C3-F53DE4515AE6}"
EndProject
Project("{FAE04EC0-301F-11D3-BF4B-00C04F79EFBC}") = "Tyuiu.PozhdinAA.Sprint1.Task3.V12.Test", "Tyuiu.PozhdinAA.Sprint1.Task3.V12.Test\Tyuiu.PozhdinAA.Sprint1.Task3.V12.Test.csproj", "{B1F44812-620E-4D81-8784-CC6B712ACE85}"
EndProject
Project("{FAE04EC0-301F-11D3-BF4B-00C04F79EFBC}") = "Tyuiu.PozhdinAA.Sprint1.Task3.V12.Lib", "Tyuiu.PozhdinAA.Sprint1.Task3.V12.Lib\Tyuiu.PozhdinAA.Sprint1.Task3.V12.Lib.csproj", "{C37F33F8-5AC4-4595-9F2C-41B73752A491}"
EndProject
Global
	GlobalSection(SolutionConfigurationPlatforms) = preSolution
		Debug|Any CPU = Debug|Any CPU
		Release|Any CPU = Release|Any CPU
	EndGlobalSection
	GlobalSection(ProjectConfigurationPlatforms) = postSolution
		{A51B0738-0834-4355-A49E-2322B41455B3}.Debug|Any CPU.ActiveCfg = Debug|Any CPU
		{A51B0738-0834-4355-A49E-2322B41455B3}.Debug|Any CPU.Build.0 = Debug|Any CPU
		{A51B0738-0834-4355-A49E-2322B41455B3}.Release|Any CPU.ActiveCfg = Release|Any CPU
		{A51B0738-0834-4355-A49E-2322B41455B3}.Release|Any CPU.Build.0 = Release|Any CPU
		{92CD77A7-A4EE-49A3-82C5-84D4E62B662D}.Debug|Any CPU.ActiveCfg = Debug|Any CPU
		{92CD77A7-A4EE-49A3-82C5-84D4E62B662D}.Debug|Any CPU.Build.0 = Debug|Any CPU
		{92CD77A7-A4EE-49A3-82C5-84D4E62B662D}.Release|Any CPU.ActiveCfg = Release|Any CPU
		{92CD77A7-A4EE-49A3-82C5-84D4E62B662D}.Release|Any CPU.Build.0 = Release|Any CPU
		{5D9B8B56-B26C-4AA2-AC75-EE97EFB59A96}.Debug|Any CPU.ActiveCfg = Debug|Any CPU
		{5D9B8B56-B26C-4AA2-AC75-EE97EFB59A96}.Debug|Any CPU.Build.0 = Debug|Any CPU
		{5D9B8B56-B26C-4AA2-AC75-EE97EFB59A96}.Release|Any CPU.ActiveCfg = Release|Any CPU
		{5D9B8B56-B26C-4AA2-AC75-EE97EFB59A96}.Release|Any CPU.Build.0 = Release|Any CPU
		{B988BF22-4D4B-4B6F-9421-0C3F1C754896}.Debug|Any CPU.ActiveCfg = Debug|Any CPU
		{B988BF22-4D4B-4B6F-9421-0C3F1C754896}.Debug|Any CPU.Build.0 = Debug|Any CPU
		{B988BF22-4D4B-4B6F-9421-0C3F1C754896}.Release|Any CPU.ActiveCfg = Release|Any CPU
		{B988BF22-4D4B-4B6F-9421-0C3F1C754896}.Release|Any CPU.Build.0 = Release|Any CPU
		{AAE98311-4BF0-4FB9-B98C-8681936ADF29}.Debug|Any CPU.ActiveCfg = Debug|Any CPU
		{AAE98311-4BF0-4FB9-B98C-8681936ADF29}.Debug|Any CPU.Build.0 = Debug|Any CPU
		{AAE98311-4BF0-4FB9-B98C-8681936ADF29}.Release|Any CPU.ActiveCfg = Release|Any CPU
		{AAE98311-4BF0-4FB9-B98C-8681936ADF29}.Release|Any CPU.Build.0 = Release|Any CPU
		{3D5410EE-A0B3-4270-977E-B0046491821F}.Debug|Any CPU.ActiveCfg = Debug|Any CPU
		{3D5410EE-A0B3-4270-977E-B0046491821F}.Debug|Any CPU.Build.0 = Debug|Any CPU
		{3D5410EE-A0B3-4270-977E-B0046491821F}.Release|Any CPU.ActiveCfg = Release|Any CPU
		{3D5410EE-A0B3-4270-977E-B0046491821F}.Release|Any CPU.Build.0 = Release|Any CPU
		{B76CAF06-0EB2-4124-8E47-4DEF60C55CF9}.Debug|Any CPU.ActiveCfg = Debug|Any CPU
		{B76CAF06-0EB2-4124-8E47-4DEF60C55CF9}.Debug|Any CPU.Build.0 = Debug|Any CPU
		{B76CAF06-0EB2-4124-8E47-4DEF60C55CF9}.Release|Any CPU.ActiveCfg = Release|Any CPU
		{B76CAF06-0EB2-4124-8E47-4DEF60C55CF9}.Release|Any CPU.Build.0 = Release|Any CPU
		{AAF0AD0D-84C1-48E8-932A-14199EDC9AF7}.Debug|Any CPU.ActiveCfg = Debug|Any CPU
		{AAF0AD0D-84C1-48E8-932A-14199EDC9AF7}.Debug|Any CPU.Build.0 = Debug|Any CPU
		{AAF0AD0D-84C1-48E8-932A-14199EDC9AF7}.Release|Any CPU.ActiveCfg = Release|Any CPU
		{AAF0AD0D-84C1-48E8-932A-14199EDC9AF7}.Release|Any CPU.Build.0 = Release|Any CPU
		{9D2BBD9C-1189-4B8F-916D-0C49B73B3F50}.Debug|Any CPU.ActiveCfg = Debug|Any CPU
		{9D2BBD9C-1189-4B8F-916D-0C49B73B3F50}.Debug|Any CPU.Build.0 = Debug|Any CPU
		{9D2BBD9C-1189-4B8F-916D-0C49B73B3F50}.Release|Any CPU.ActiveCfg = Release|Any CPU
		{9D2BBD9C-1189-4B8F-916D-0C49B73B3F50}.Release|Any CPU.Build.0 = Release|Any CPU
		{812CA143-84D1-4266-80C3-F53DE4515AE6}.Debug|Any CPU.ActiveCfg = Debug|Any CPU
		{812CA143-84D1-4266-80C3-F53DE4515AE6}.Debug|Any CPU.Build.0 = Debug|Any CPU
		{812CA143-84D1-4266-80C3-F53DE4515AE6}.Release|Any CPU.ActiveCfg = Release|Any CPU
		{812CA143-84D1-4266-80C3-F53DE4515AE6}.Release|Any CPU.Build.0 = Release|Any CPU
		{B1F44812-620E-4D81-8784-CC6B712ACE85}.Debug|Any CPU.ActiveCfg = Debug|Any CPU
		{B1F44812-620E-4D81-8784-CC6B712ACE85}.Debug|Any CPU.Build.0 = Debug|Any CPU
		{B1F44812-620E-4D81-8784-CC6B712ACE85}.Release|Any CPU.ActiveCfg = Release|Any CPU
		{B1F44812-620E-4D81-8784-CC6B712ACE85}.Release|Any CPU.Build.0 = Release|Any CPU
		{C37F33F8-5AC4-4595-9F2C-41B73752A491}.Debug|Any CPU.ActiveCfg = Debug|Any CPU
		{C37F33F8-5AC4-4595-9F2C-41B73752A491}.Debug|Any CPU.Build.0 = Debug|Any CPU
		{C37F33F8-5AC4-4595-9F2C-41B73752A491}.Release|Any CPU.ActiveCfg = Release|Any CPU
		{C37F33F8-5AC4-4595-9F2C-41B73752A491}.Release|Any CPU.Build.0 = Release|Any CPU
	EndGlobalSection
	GlobalSection(SolutionProperties) = preSolution
		HideSolutionNode = FALSE
	EndGlobalSection
	GlobalSection(NestedProjects) = preSolution
		{A51B0738-0834-4355-A49E-2322B41455B3} = {558E2E61-F14A-4256-86B9-E053CA08AACB}
		{92CD77A7-A4EE-49A3-82C5-84D4E62B662D} = {558E2E61-F14A-4256-86B9-E053CA08AACB}
		{5D9B8B56-B26C-4AA2-AC75-EE97EFB59A96} = {558E2E61-F14A-4256-86B9-E053CA08AACB}
		{B988BF22-4D4B-4B6F-9421-0C3F1C754896} = {1C9FFB9D-4635-4F9B-A55E-9EA686377819}
		{AAE98311-4BF0-4FB9-B98C-8681936ADF29} = {1C9FFB9D-4635-4F9B-A55E-9EA686377819}
		{3D5410EE-A0B3-4270-977E-B0046491821F} = {1C9FFB9D-4635-4F9B-A55E-9EA686377819}
		{B76CAF06-0EB2-4124-8E47-4DEF60C55CF9} = {33687E39-B846-4B9D-8F75-714A14E6F5A4}
		{AAF0AD0D-84C1-48E8-932A-14199EDC9AF7} = {33687E39-B846-4B9D-8F75-714A14E6F5A4}
		{9D2BBD9C-1189-4B8F-916D-0C49B73B3F50} = {33687E39-B846-4B9D-8F75-714A14E6F5A4}
		{812CA143-84D1-4266-80C3-F53DE4515AE6} = {67058662-72BE-46D6-B8DB-A73B125F1BA4}
		{B1F44812-620E-4D81-8784-CC6B712ACE85} = {67058662-72BE-46D6-B8DB-A73B125F1BA4}
		{C37F33F8-5AC4-4595-9F2C-41B73752A491} = {67058662-72BE-46D6-B8DB-A73B125F1BA4}
	EndGlobalSection
	GlobalSection(ExtensibilityGlobals) = postSolution
		SolutionGuid = {AA6C97DD-F5C2-456E-9615-61698DFD338E}
	EndGlobalSection
EndGlobal
